
Microsoft Visual Studio Solution File, Format Version 12.00
# Visual Studio Version 16
VisualStudioVersion = 16.0.30011.22
MinimumVisualStudioVersion = 10.0.40219.1
Project("{FAE04EC0-301F-11D3-BF4B-00C04F79EFBC}") = "bzsfSimpleCRUD", "bzsfSimpleCRUD\bzsfSimpleCRUD.csproj", "{EAA823E4-94C4-4C12-A4FB-0300CD2F7ED5}"
EndProject
Global
	GlobalSection(SolutionConfigurationPlatforms) = preSolution
		Debug|Any CPU = Debug|Any CPU
		Release|Any CPU = Release|Any CPU
	EndGlobalSection
	GlobalSection(ProjectConfigurationPlatforms) = postSolution
		{EAA823E4-94C4-4C12-A4FB-0300CD2F7ED5}.Debug|Any CPU.ActiveCfg = Debug|Any CPU
		{EAA823E4-94C4-4C12-A4FB-0300CD2F7ED5}.Debug|Any CPU.Build.0 = Debug|Any CPU
		{EAA823E4-94C4-4C12-A4FB-0300CD2F7ED5}.Release|Any CPU.ActiveCfg = Release|Any CPU
		{EAA823E4-94C4-4C12-A4FB-0300CD2F7ED5}.Release|Any CPU.Build.0 = Release|Any CPU
	EndGlobalSection
	GlobalSection(SolutionProperties) = preSolution
		HideSolutionNode = FALSE
	EndGlobalSection
	GlobalSection(ExtensibilityGlobals) = postSolution
		SolutionGuid = {AF6BEEC7-1B53-46FA-8832-0BBB7BB15C17}
	EndGlobalSection
EndGlobal
