
Microsoft Visual Studio Solution File, Format Version 12.00
# Visual Studio Version 16
VisualStudioVersion = 16.0.30804.86
MinimumVisualStudioVersion = 10.0.40219.1
Project("{FAE04EC0-301F-11D3-BF4B-00C04F79EFBC}") = "XFNFC", "XFNFC\XFNFC\XFNFC.csproj", "{6DAFAAC1-42AA-46B3-8868-6CDCB1D5351F}"
EndProject
Project("{FAE04EC0-301F-11D3-BF4B-00C04F79EFBC}") = "XFNFC.Android", "XFNFC\XFNFC.Android\XFNFC.Android.csproj", "{4E171DA0-BA82-4BC4-BCB0-146CC70A68FB}"
EndProject
Project("{FAE04EC0-301F-11D3-BF4B-00C04F79EFBC}") = "XFNFC.iOS", "XFNFC\XFNFC.iOS\XFNFC.iOS.csproj", "{81DE9EAA-5C11-44BD-8B4D-345E72CB9252}"
EndProject
Global
	GlobalSection(SolutionConfigurationPlatforms) = preSolution
		Ad-Hoc|Any CPU = Ad-Hoc|Any CPU
		Ad-Hoc|iPhone = Ad-Hoc|iPhone
		Ad-Hoc|iPhoneSimulator = Ad-Hoc|iPhoneSimulator
		AppStore|Any CPU = AppStore|Any CPU
		AppStore|iPhone = AppStore|iPhone
		AppStore|iPhoneSimulator = AppStore|iPhoneSimulator
		Debug|Any CPU = Debug|Any CPU
		Debug|iPhone = Debug|iPhone
		Debug|iPhoneSimulator = Debug|iPhoneSimulator
		Release|Any CPU = Release|Any CPU
		Release|iPhone = Release|iPhone
		Release|iPhoneSimulator = Release|iPhoneSimulator
	EndGlobalSection
	GlobalSection(ProjectConfigurationPlatforms) = postSolution
		{6DAFAAC1-42AA-46B3-8868-6CDCB1D5351F}.Ad-Hoc|Any CPU.ActiveCfg = Debug|Any CPU
		{6DAFAAC1-42AA-46B3-8868-6CDCB1D5351F}.Ad-Hoc|Any CPU.Build.0 = Debug|Any CPU
		{6DAFAAC1-42AA-46B3-8868-6CDCB1D5351F}.Ad-Hoc|iPhone.ActiveCfg = Debug|Any CPU
		{6DAFAAC1-42AA-46B3-8868-6CDCB1D5351F}.Ad-Hoc|iPhone.Build.0 = Debug|Any CPU
		{6DAFAAC1-42AA-46B3-8868-6CDCB1D5351F}.Ad-Hoc|iPhoneSimulator.ActiveCfg = Debug|Any CPU
		{6DAFAAC1-42AA-46B3-8868-6CDCB1D5351F}.Ad-Hoc|iPhoneSimulator.Build.0 = Debug|Any CPU
		{6DAFAAC1-42AA-46B3-8868-6CDCB1D5351F}.AppStore|Any CPU.ActiveCfg = Debug|Any CPU
		{6DAFAAC1-42AA-46B3-8868-6CDCB1D5351F}.AppStore|Any CPU.Build.0 = Debug|Any CPU
		{6DAFAAC1-42AA-46B3-8868-6CDCB1D5351F}.AppStore|iPhone.ActiveCfg = Debug|Any CPU
		{6DAFAAC1-42AA-46B3-8868-6CDCB1D5351F}.AppStore|iPhone.Build.0 = Debug|Any CPU
		{6DAFAAC1-42AA-46B3-8868-6CDCB1D5351F}.AppStore|iPhoneSimulator.ActiveCfg = Debug|Any CPU
		{6DAFAAC1-42AA-46B3-8868-6CDCB1D5351F}.AppStore|iPhoneSimulator.Build.0 = Debug|Any CPU
		{6DAFAAC1-42AA-46B3-8868-6CDCB1D5351F}.Debug|Any CPU.ActiveCfg = Debug|Any CPU
		{6DAFAAC1-42AA-46B3-8868-6CDCB1D5351F}.Debug|Any CPU.Build.0 = Debug|Any CPU
		{6DAFAAC1-42AA-46B3-8868-6CDCB1D5351F}.Debug|iPhone.ActiveCfg = Debug|Any CPU
		{6DAFAAC1-42AA-46B3-8868-6CDCB1D5351F}.Debug|iPhone.Build.0 = Debug|Any CPU
		{6DAFAAC1-42AA-46B3-8868-6CDCB1D5351F}.Debug|iPhoneSimulator.ActiveCfg = Debug|Any CPU
		{6DAFAAC1-42AA-46B3-8868-6CDCB1D5351F}.Debug|iPhoneSimulator.Build.0 = Debug|Any CPU
		{6DAFAAC1-42AA-46B3-8868-6CDCB1D5351F}.Release|Any CPU.ActiveCfg = Release|Any CPU
		{6DAFAAC1-42AA-46B3-8868-6CDCB1D5351F}.Release|Any CPU.Build.0 = Release|Any CPU
		{6DAFAAC1-42AA-46B3-8868-6CDCB1D5351F}.Release|iPhone.ActiveCfg = Release|Any CPU
		{6DAFAAC1-42AA-46B3-8868-6CDCB1D5351F}.Release|iPhone.Build.0 = Release|Any CPU
		{6DAFAAC1-42AA-46B3-8868-6CDCB1D5351F}.Release|iPhoneSimulator.ActiveCfg = Release|Any CPU
		{6DAFAAC1-42AA-46B3-8868-6CDCB1D5351F}.Release|iPhoneSimulator.Build.0 = Release|Any CPU
		{4E171DA0-BA82-4BC4-BCB0-146CC70A68FB}.Ad-Hoc|Any CPU.ActiveCfg = Debug|Any CPU
		{4E171DA0-BA82-4BC4-BCB0-146CC70A68FB}.Ad-Hoc|Any CPU.Build.0 = Debug|Any CPU
		{4E171DA0-BA82-4BC4-BCB0-146CC70A68FB}.Ad-Hoc|Any CPU.Deploy.0 = Debug|Any CPU
		{4E171DA0-BA82-4BC4-BCB0-146CC70A68FB}.Ad-Hoc|iPhone.ActiveCfg = Debug|Any CPU
		{4E171DA0-BA82-4BC4-BCB0-146CC70A68FB}.Ad-Hoc|iPhone.Build.0 = Debug|Any CPU
		{4E171DA0-BA82-4BC4-BCB0-146CC70A68FB}.Ad-Hoc|iPhone.Deploy.0 = Debug|Any CPU
		{4E171DA0-BA82-4BC4-BCB0-146CC70A68FB}.Ad-Hoc|iPhoneSimulator.ActiveCfg = Debug|Any CPU
		{4E171DA0-BA82-4BC4-BCB0-146CC70A68FB}.Ad-Hoc|iPhoneSimulator.Build.0 = Debug|Any CPU
		{4E171DA0-BA82-4BC4-BCB0-146CC70A68FB}.Ad-Hoc|iPhoneSimulator.Deploy.0 = Debug|Any CPU
		{4E171DA0-BA82-4BC4-BCB0-146CC70A68FB}.AppStore|Any CPU.ActiveCfg = Debug|Any CPU
		{4E171DA0-BA82-4BC4-BCB0-146CC70A68FB}.AppStore|Any CPU.Build.0 = Debug|Any CPU
		{4E171DA0-BA82-4BC4-BCB0-146CC70A68FB}.AppStore|Any CPU.Deploy.0 = Debug|Any CPU
		{4E171DA0-BA82-4BC4-BCB0-146CC70A68FB}.AppStore|iPhone.ActiveCfg = Debug|Any CPU
		{4E171DA0-BA82-4BC4-BCB0-146CC70A68FB}.AppStore|iPhone.Build.0 = Debug|Any CPU
		{4E171DA0-BA82-4BC4-BCB0-146CC70A68FB}.AppStore|iPhone.Deploy.0 = Debug|Any CPU
		{4E171DA0-BA82-4BC4-BCB0-146CC70A68FB}.AppStore|iPhoneSimulator.ActiveCfg = Debug|Any CPU
		{4E171DA0-BA82-4BC4-BCB0-146CC70A68FB}.AppStore|iPhoneSimulator.Build.0 = Debug|Any CPU
		{4E171DA0-BA82-4BC4-BCB0-146CC70A68FB}.AppStore|iPhoneSimulator.Deploy.0 = Debug|Any CPU
		{4E171DA0-BA82-4BC4-BCB0-146CC70A68FB}.Debug|Any CPU.ActiveCfg = Debug|Any CPU
		{4E171DA0-BA82-4BC4-BCB0-146CC70A68FB}.Debug|Any CPU.Build.0 = Debug|Any CPU
		{4E171DA0-BA82-4BC4-BCB0-146CC70A68FB}.Debug|Any CPU.Deploy.0 = Debug|Any CPU
		{4E171DA0-BA82-4BC4-BCB0-146CC70A68FB}.Debug|iPhone.ActiveCfg = Debug|Any CPU
		{4E171DA0-BA82-4BC4-BCB0-146CC70A68FB}.Debug|iPhone.Build.0 = Debug|Any CPU
		{4E171DA0-BA82-4BC4-BCB0-146CC70A68FB}.Debug|iPhone.Deploy.0 = Debug|Any CPU
		{4E171DA0-BA82-4BC4-BCB0-146CC70A68FB}.Debug|iPhoneSimulator.ActiveCfg = Debug|Any CPU
		{4E171DA0-BA82-4BC4-BCB0-146CC70A68FB}.Debug|iPhoneSimulator.Build.0 = Debug|Any CPU
		{4E171DA0-BA82-4BC4-BCB0-146CC70A68FB}.Debug|iPhoneSimulator.Deploy.0 = Debug|Any CPU
		{4E171DA0-BA82-4BC4-BCB0-146CC70A68FB}.Release|Any CPU.ActiveCfg = Release|Any CPU
		{4E171DA0-BA82-4BC4-BCB0-146CC70A68FB}.Release|Any CPU.Build.0 = Release|Any CPU
		{4E171DA0-BA82-4BC4-BCB0-146CC70A68FB}.Release|Any CPU.Deploy.0 = Release|Any CPU
		{4E171DA0-BA82-4BC4-BCB0-146CC70A68FB}.Release|iPhone.ActiveCfg = Release|Any CPU
		{4E171DA0-BA82-4BC4-BCB0-146CC70A68FB}.Release|iPhone.Build.0 = Release|Any CPU
		{4E171DA0-BA82-4BC4-BCB0-146CC70A68FB}.Release|iPhone.Deploy.0 = Release|Any CPU
		{4E171DA0-BA82-4BC4-BCB0-146CC70A68FB}.Release|iPhoneSimulator.ActiveCfg = Release|Any CPU
		{4E171DA0-BA82-4BC4-BCB0-146CC70A68FB}.Release|iPhoneSimulator.Build.0 = Release|Any CPU
		{4E171DA0-BA82-4BC4-BCB0-146CC70A68FB}.Release|iPhoneSimulator.Deploy.0 = Release|Any CPU
		{81DE9EAA-5C11-44BD-8B4D-345E72CB9252}.Ad-Hoc|Any CPU.ActiveCfg = Ad-Hoc|iPhoneSimulator
		{81DE9EAA-5C11-44BD-8B4D-345E72CB9252}.Ad-Hoc|iPhone.ActiveCfg = Ad-Hoc|iPhone
		{81DE9EAA-5C11-44BD-8B4D-345E72CB9252}.Ad-Hoc|iPhone.Build.0 = Ad-Hoc|iPhone
		{81DE9EAA-5C11-44BD-8B4D-345E72CB9252}.Ad-Hoc|iPhoneSimulator.ActiveCfg = Ad-Hoc|iPhoneSimulator
		{81DE9EAA-5C11-44BD-8B4D-345E72CB9252}.Ad-Hoc|iPhoneSimulator.Build.0 = Ad-Hoc|iPhoneSimulator
		{81DE9EAA-5C11-44BD-8B4D-345E72CB9252}.AppStore|Any CPU.ActiveCfg = AppStore|iPhoneSimulator
		{81DE9EAA-5C11-44BD-8B4D-345E72CB9252}.AppStore|iPhone.ActiveCfg = AppStore|iPhone
		{81DE9EAA-5C11-44BD-8B4D-345E72CB9252}.AppStore|iPhone.Build.0 = AppStore|iPhone
		{81DE9EAA-5C11-44BD-8B4D-345E72CB9252}.AppStore|iPhoneSimulator.ActiveCfg = AppStore|iPhoneSimulator
		{81DE9EAA-5C11-44BD-8B4D-345E72CB9252}.AppStore|iPhoneSimulator.Build.0 = AppStore|iPhoneSimulator
		{81DE9EAA-5C11-44BD-8B4D-345E72CB9252}.Debug|Any CPU.ActiveCfg = Debug|iPhoneSimulator
		{81DE9EAA-5C11-44BD-8B4D-345E72CB9252}.Debug|iPhone.ActiveCfg = Debug|iPhone
		{81DE9EAA-5C11-44BD-8B4D-345E72CB9252}.Debug|iPhone.Build.0 = Debug|iPhone
		{81DE9EAA-5C11-44BD-8B4D-345E72CB9252}.Debug|iPhoneSimulator.ActiveCfg = Debug|iPhoneSimulator
		{81DE9EAA-5C11-44BD-8B4D-345E72CB9252}.Debug|iPhoneSimulator.Build.0 = Debug|iPhoneSimulator
		{81DE9EAA-5C11-44BD-8B4D-345E72CB9252}.Release|Any CPU.ActiveCfg = Release|iPhoneSimulator
		{81DE9EAA-5C11-44BD-8B4D-345E72CB9252}.Release|iPhone.ActiveCfg = Release|iPhone
		{81DE9EAA-5C11-44BD-8B4D-345E72CB9252}.Release|iPhone.Build.0 = Release|iPhone
		{81DE9EAA-5C11-44BD-8B4D-345E72CB9252}.Release|iPhoneSimulator.ActiveCfg = Release|iPhoneSimulator
		{81DE9EAA-5C11-44BD-8B4D-345E72CB9252}.Release|iPhoneSimulator.Build.0 = Release|iPhoneSimulator
	EndGlobalSection
	GlobalSection(SolutionProperties) = preSolution
		HideSolutionNode = FALSE
	EndGlobalSection
	GlobalSection(ExtensibilityGlobals) = postSolution
		SolutionGuid = {EAAAAF29-8864-4CAC-903F-2AEF27C0D405}
	EndGlobalSection
EndGlobal
