
Microsoft Visual Studio Solution File, Format Version 12.00
# Visual Studio Version 16
VisualStudioVersion = 16.0.30011.22
MinimumVisualStudioVersion = 10.0.40219.1
Project("{FAE04EC0-301F-11D3-BF4B-00C04F79EFBC}") = "bzMatBlazorStart", "bzMatBlazorStart\bzMatBlazorStart.csproj", "{663D2A24-28DF-44E8-9FA9-9A7F267ECE73}"
EndProject
Global
	GlobalSection(SolutionConfigurationPlatforms) = preSolution
		Debug|Any CPU = Debug|Any CPU
		Release|Any CPU = Release|Any CPU
	EndGlobalSection
	GlobalSection(ProjectConfigurationPlatforms) = postSolution
		{663D2A24-28DF-44E8-9FA9-9A7F267ECE73}.Debug|Any CPU.ActiveCfg = Debug|Any CPU
		{663D2A24-28DF-44E8-9FA9-9A7F267ECE73}.Debug|Any CPU.Build.0 = Debug|Any CPU
		{663D2A24-28DF-44E8-9FA9-9A7F267ECE73}.Release|Any CPU.ActiveCfg = Release|Any CPU
		{663D2A24-28DF-44E8-9FA9-9A7F267ECE73}.Release|Any CPU.Build.0 = Release|Any CPU
	EndGlobalSection
	GlobalSection(SolutionProperties) = preSolution
		HideSolutionNode = FALSE
	EndGlobalSection
	GlobalSection(ExtensibilityGlobals) = postSolution
		SolutionGuid = {3D30104B-0448-433C-94D7-74D377F0BC91}
	EndGlobalSection
EndGlobal
