
Microsoft Visual Studio Solution File, Format Version 12.00
# Visual Studio Version 16
VisualStudioVersion = 16.0.29920.165
MinimumVisualStudioVersion = 10.0.40219.1
Project("{FAE04EC0-301F-11D3-BF4B-00C04F79EFBC}") = "WPFPrismViewNavigation", "WPFPrismViewNavigation\WPFPrismViewNavigation.csproj", "{9C1F9226-CE59-48A0-ABFE-078D9BF07AB0}"
EndProject
Global
	GlobalSection(SolutionConfigurationPlatforms) = preSolution
		Debug|Any CPU = Debug|Any CPU
		Release|Any CPU = Release|Any CPU
	EndGlobalSection
	GlobalSection(ProjectConfigurationPlatforms) = postSolution
		{9C1F9226-CE59-48A0-ABFE-078D9BF07AB0}.Debug|Any CPU.ActiveCfg = Debug|Any CPU
		{9C1F9226-CE59-48A0-ABFE-078D9BF07AB0}.Debug|Any CPU.Build.0 = Debug|Any CPU
		{9C1F9226-CE59-48A0-ABFE-078D9BF07AB0}.Release|Any CPU.ActiveCfg = Release|Any CPU
		{9C1F9226-CE59-48A0-ABFE-078D9BF07AB0}.Release|Any CPU.Build.0 = Release|Any CPU
	EndGlobalSection
	GlobalSection(SolutionProperties) = preSolution
		HideSolutionNode = FALSE
	EndGlobalSection
	GlobalSection(ExtensibilityGlobals) = postSolution
		SolutionGuid = {CE28AE8D-8145-4D5C-ABB1-A4891866880E}
	EndGlobalSection
EndGlobal
